
Microsoft Visual Studio Solution File, Format Version 12.00
# Visual Studio Version 17
VisualStudioVersion = 17.5.002.0
MinimumVisualStudioVersion = 10.0.40219.1
Project("{9A19103F-16F7-4668-BE54-9A1E7A4F7556}") = "Kitchen.api", "Kitchen.api.csproj", "{AADEFEA7-25E4-4FD0-AF76-AB3EDA151455}"
EndProject
Global
	GlobalSection(SolutionConfigurationPlatforms) = preSolution
		Debug|Any CPU = Debug|Any CPU
		Release|Any CPU = Release|Any CPU
	EndGlobalSection
	GlobalSection(ProjectConfigurationPlatforms) = postSolution
		{AADEFEA7-25E4-4FD0-AF76-AB3EDA151455}.Debug|Any CPU.ActiveCfg = Debug|Any CPU
		{AADEFEA7-25E4-4FD0-AF76-AB3EDA151455}.Debug|Any CPU.Build.0 = Debug|Any CPU
		{AADEFEA7-25E4-4FD0-AF76-AB3EDA151455}.Release|Any CPU.ActiveCfg = Release|Any CPU
		{AADEFEA7-25E4-4FD0-AF76-AB3EDA151455}.Release|Any CPU.Build.0 = Release|Any CPU
	EndGlobalSection
	GlobalSection(SolutionProperties) = preSolution
		HideSolutionNode = FALSE
	EndGlobalSection
	GlobalSection(ExtensibilityGlobals) = postSolution
		SolutionGuid = {142CB0C5-E392-466E-9076-F9E65B7CAFCA}
	EndGlobalSection
EndGlobal
